<?xml version="1.0" encoding="UTF-8" standalone="yes" ?>
<CodeBlocks_project_file>
	<FileVersion major="1" minor="6" />
	<Project>
		<Option title="DXF_Viewer_wxWidgets" />
		<Option compiler="gcc" />
		<Build>
			<Target title="Debug">
				<Option output="../../bin/DXF_Viewer_wxWidgets_Debug" prefix_auto="1" extension_auto="1" />
				<Option object_output="obj/Debug/" />
				<Option type="1" />
				<Option compiler="gcc" />
				<Compiler>
					<Add option="-g" />
				</Compiler>
			</Target>
			<Target title="Release">
				<Option output="../../bin/DXF_Viewer_wxWidgets_Release" prefix_auto="1" extension_auto="1" />
				<Option object_output="obj/Release/" />
				<Option type="1" />
				<Option compiler="gcc" />
				<Compiler>
					<Add option="-O2" />
				</Compiler>
				<Linker>
					<Add option="-s" />
				</Linker>
			</Target>
		</Build>
		<Compiler>
			<Add option="-Wall" />
			<Add option="-fexceptions" />
			<Add option="-pipe" />
			<Add option="-mthreads" />
			<Add option="`$(#WX_CONFIG) --cflags`" />
			<Add option="-D__GNUWIN32__" />
		</Compiler>
		<ResourceCompiler>
			<Add option="`$(#WX_CONFIG) --rcflags`" />
		</ResourceCompiler>
		<Linker>
			<Add option="-mthreads" />
			<Add option="`$(#WX_CONFIG) --libs all`" />
		</Linker>
		<Unit filename="../../src/Arc.cpp" />
		<Unit filename="../../src/Arc.h" />
		<Unit filename="../../src/Circle.cpp" />
		<Unit filename="../../src/Circle.h" />
		<Unit filename="../../src/Dimension.cpp" />
		<Unit filename="../../src/Dimension.h" />
		<Unit filename="../../src/Dxf.cpp" />
		<Unit filename="../../src/Dxf.h" />
		<Unit filename="../../src/Line.cpp" />
		<Unit filename="../../src/Line.h" />
		<Unit filename="../../src/PolyLine.cpp" />
		<Unit filename="../../src/PolyLine.h" />
		<Unit filename="../../src/Solid.cpp" />
		<Unit filename="../../src/Solid.h" />
		<Unit filename="../../src/Spline.cpp" />
		<Unit filename="../../src/Spline.h" />
		<Unit filename="../../src/Text.cpp" />
		<Unit filename="../../src/Text.h" />
		<Unit filename="../../src/wxWidgets.cpp" />
		<Extensions />
	</Project>
</CodeBlocks_project_file>
